
Microsoft Visual Studio Solution File, Format Version 12.00
# Visual Studio 15
VisualStudioVersion = 15.0.28010.2048
MinimumVisualStudioVersion = 10.0.40219.1
Project("{FAE04EC0-301F-11D3-BF4B-00C04F79EFBC}") = "Rab_BD_Code FirstV2", "Rab_BD_Code FirstV2\Rab_BD_Code FirstV2.csproj", "{0037D533-907E-47A8-8BFD-ACF29C1AC476}"
EndProject
Project("{FAE04EC0-301F-11D3-BF4B-00C04F79EFBC}") = "RabotaBD_Database_First", "RabotaBD_Database_First\RabotaBD_Database_First.csproj", "{C39DC7A0-7A8B-4005-ADD0-FCA3629F552B}"
EndProject
Project("{FAE04EC0-301F-11D3-BF4B-00C04F79EFBC}") = "Rab_BD_Database FirstV2", "Rab_BD_Database FirstV2\Rab_BD_Database FirstV2.csproj", "{D652AE26-6C6E-4460-B35A-6736D80C3662}"
EndProject
Project("{FAE04EC0-301F-11D3-BF4B-00C04F79EFBC}") = "FoobollBD", "FoobollBD\FoobollBD.csproj", "{48C8B7B5-BE69-428A-821E-0F195BD0CDFF}"
EndProject
Project("{FAE04EC0-301F-11D3-BF4B-00C04F79EFBC}") = "WindowsFormsAppЕУЫЕ", "WindowsFormsAppЕУЫЕ\WindowsFormsAppЕУЫЕ.csproj", "{424C16F7-0917-4F37-AA6C-C3A52B66EA9D}"
EndProject
Project("{FAE04EC0-301F-11D3-BF4B-00C04F79EFBC}") = "Sobytie_delegat_Itvn", "Sobytie_delegat_Itvn\Sobytie_delegat_Itvn.csproj", "{4F6B2905-88B6-4CE1-81AD-221D50FE2841}"
EndProject
Project("{2150E333-8FDC-42A3-9474-1A3956D46DE8}") = "Net", "Net", "{35987DEE-56AA-4FC6-8F01-199841E900FE}"
EndProject
Project("{FAE04EC0-301F-11D3-BF4B-00C04F79EFBC}") = "Net_Console", "Net_Console\Net_Console.csproj", "{CC7B6B50-3FE7-423F-815A-E23E0A211515}"
EndProject
Global
	GlobalSection(SolutionConfigurationPlatforms) = preSolution
		Debug|Any CPU = Debug|Any CPU
		Release|Any CPU = Release|Any CPU
	EndGlobalSection
	GlobalSection(ProjectConfigurationPlatforms) = postSolution
		{0037D533-907E-47A8-8BFD-ACF29C1AC476}.Debug|Any CPU.ActiveCfg = Debug|Any CPU
		{0037D533-907E-47A8-8BFD-ACF29C1AC476}.Debug|Any CPU.Build.0 = Debug|Any CPU
		{0037D533-907E-47A8-8BFD-ACF29C1AC476}.Release|Any CPU.ActiveCfg = Release|Any CPU
		{0037D533-907E-47A8-8BFD-ACF29C1AC476}.Release|Any CPU.Build.0 = Release|Any CPU
		{C39DC7A0-7A8B-4005-ADD0-FCA3629F552B}.Debug|Any CPU.ActiveCfg = Debug|Any CPU
		{C39DC7A0-7A8B-4005-ADD0-FCA3629F552B}.Debug|Any CPU.Build.0 = Debug|Any CPU
		{C39DC7A0-7A8B-4005-ADD0-FCA3629F552B}.Release|Any CPU.ActiveCfg = Release|Any CPU
		{C39DC7A0-7A8B-4005-ADD0-FCA3629F552B}.Release|Any CPU.Build.0 = Release|Any CPU
		{D652AE26-6C6E-4460-B35A-6736D80C3662}.Debug|Any CPU.ActiveCfg = Debug|Any CPU
		{D652AE26-6C6E-4460-B35A-6736D80C3662}.Debug|Any CPU.Build.0 = Debug|Any CPU
		{D652AE26-6C6E-4460-B35A-6736D80C3662}.Release|Any CPU.ActiveCfg = Release|Any CPU
		{D652AE26-6C6E-4460-B35A-6736D80C3662}.Release|Any CPU.Build.0 = Release|Any CPU
		{48C8B7B5-BE69-428A-821E-0F195BD0CDFF}.Debug|Any CPU.ActiveCfg = Debug|Any CPU
		{48C8B7B5-BE69-428A-821E-0F195BD0CDFF}.Debug|Any CPU.Build.0 = Debug|Any CPU
		{48C8B7B5-BE69-428A-821E-0F195BD0CDFF}.Release|Any CPU.ActiveCfg = Release|Any CPU
		{48C8B7B5-BE69-428A-821E-0F195BD0CDFF}.Release|Any CPU.Build.0 = Release|Any CPU
		{424C16F7-0917-4F37-AA6C-C3A52B66EA9D}.Debug|Any CPU.ActiveCfg = Debug|Any CPU
		{424C16F7-0917-4F37-AA6C-C3A52B66EA9D}.Debug|Any CPU.Build.0 = Debug|Any CPU
		{424C16F7-0917-4F37-AA6C-C3A52B66EA9D}.Release|Any CPU.ActiveCfg = Release|Any CPU
		{424C16F7-0917-4F37-AA6C-C3A52B66EA9D}.Release|Any CPU.Build.0 = Release|Any CPU
		{4F6B2905-88B6-4CE1-81AD-221D50FE2841}.Debug|Any CPU.ActiveCfg = Debug|Any CPU
		{4F6B2905-88B6-4CE1-81AD-221D50FE2841}.Debug|Any CPU.Build.0 = Debug|Any CPU
		{4F6B2905-88B6-4CE1-81AD-221D50FE2841}.Release|Any CPU.ActiveCfg = Release|Any CPU
		{4F6B2905-88B6-4CE1-81AD-221D50FE2841}.Release|Any CPU.Build.0 = Release|Any CPU
		{CC7B6B50-3FE7-423F-815A-E23E0A211515}.Debug|Any CPU.ActiveCfg = Debug|Any CPU
		{CC7B6B50-3FE7-423F-815A-E23E0A211515}.Debug|Any CPU.Build.0 = Debug|Any CPU
		{CC7B6B50-3FE7-423F-815A-E23E0A211515}.Release|Any CPU.ActiveCfg = Release|Any CPU
		{CC7B6B50-3FE7-423F-815A-E23E0A211515}.Release|Any CPU.Build.0 = Release|Any CPU
	EndGlobalSection
	GlobalSection(SolutionProperties) = preSolution
		HideSolutionNode = FALSE
	EndGlobalSection
	GlobalSection(NestedProjects) = preSolution
		{CC7B6B50-3FE7-423F-815A-E23E0A211515} = {35987DEE-56AA-4FC6-8F01-199841E900FE}
	EndGlobalSection
	GlobalSection(ExtensibilityGlobals) = postSolution
		SolutionGuid = {0E8E47ED-DF9A-421D-A16C-1C5C13533CA5}
	EndGlobalSection
EndGlobal
